// !$*UTF8*$!
{
	archiveVersion = 1;
	classes = {
	};
	objectVersion = 56;
	objects = {

/* Begin PBXBuildFile section */
		C767E7692C75F6820057B0F9 /* RouteToSafetyZoneApp.swift in Sources */ = {isa = PBXBuildFile; fileRef = C767E7682C75F6820057B0F9 /* RouteToSafetyZoneApp.swift */; };
		C767E76B2C75F6820057B0F9 /* ContentView.swift in Sources */ = {isa = PBXBuildFile; fileRef = C767E76A2C75F6820057B0F9 /* ContentView.swift */; };
		C767E76D2C75F6840057B0F9 /* Assets.xcassets in Resources */ = {isa = PBXBuildFile; fileRef = C767E76C2C75F6840057B0F9 /* Assets.xcassets */; };
		C767E7702C75F6840057B0F9 /* Preview Assets.xcassets in Resources */ = {isa = PBXBuildFile; fileRef = C767E76F2C75F6840057B0F9 /* Preview Assets.xcassets */; };
		C767E77A2C75F6840057B0F9 /* RouteToSafetyZoneTests.swift in Sources */ = {isa = PBXBuildFile; fileRef = C767E7792C75F6840057B0F9 /* RouteToSafetyZoneTests.swift */; };
		C767E7842C75F6840057B0F9 /* RouteToSafetyZoneUITests.swift in Sources */ = {isa = PBXBuildFile; fileRef = C767E7832C75F6840057B0F9 /* RouteToSafetyZoneUITests.swift */; };
		C767E7862C75F6840057B0F9 /* RouteToSafetyZoneUITestsLaunchTests.swift in Sources */ = {isa = PBXBuildFile; fileRef = C767E7852C75F6840057B0F9 /* RouteToSafetyZoneUITestsLaunchTests.swift */; };
/* End PBXBuildFile section */

/* Begin PBXContainerItemProxy section */
		C767E7762C75F6840057B0F9 /* PBXContainerItemProxy */ = {
			isa = PBXContainerItemProxy;
			containerPortal = C767E75D2C75F6820057B0F9 /* Project object */;
			proxyType = 1;
			remoteGlobalIDString = C767E7642C75F6820057B0F9;
			remoteInfo = RouteToSafetyZone;
		};
		C767E7802C75F6840057B0F9 /* PBXContainerItemProxy */ = {
			isa = PBXContainerItemProxy;
			containerPortal = C767E75D2C75F6820057B0F9 /* Project object */;
			proxyType = 1;
			remoteGlobalIDString = C767E7642C75F6820057B0F9;
			remoteInfo = RouteToSafetyZone;
		};
/* End PBXContainerItemProxy section */

/* Begin PBXFileReference section */
		C767E7652C75F6820057B0F9 /* RouteToSafetyZone.app */ = {isa = PBXFileReference; explicitFileType = wrapper.application; includeInIndex = 0; path = RouteToSafetyZone.app; sourceTree = BUILT_PRODUCTS_DIR; };
		C767E7682C75F6820057B0F9 /* RouteToSafetyZoneApp.swift */ = {isa = PBXFileReference; lastKnownFileType = sourcecode.swift; path = RouteToSafetyZoneApp.swift; sourceTree = "<group>"; };
		C767E76A2C75F6820057B0F9 /* ContentView.swift */ = {isa = PBXFileReference; lastKnownFileType = sourcecode.swift; path = ContentView.swift; sourceTree = "<group>"; };
		C767E76C2C75F6840057B0F9 /* Assets.xcassets */ = {isa = PBXFileReference; lastKnownFileType = folder.assetcatalog; path = Assets.xcassets; sourceTree = "<group>"; };
		C767E76F2C75F6840057B0F9 /* Preview Assets.xcassets */ = {isa = PBXFileReference; lastKnownFileType = folder.assetcatalog; path = "Preview Assets.xcassets"; sourceTree = "<group>"; };
		C767E7752C75F6840057B0F9 /* RouteToSafetyZoneTests.xctest */ = {isa = PBXFileReference; explicitFileType = wrapper.cfbundle; includeInIndex = 0; path = RouteToSafetyZoneTests.xctest; sourceTree = BUILT_PRODUCTS_DIR; };
		C767E7792C75F6840057B0F9 /* RouteToSafetyZoneTests.swift */ = {isa = PBXFileReference; lastKnownFileType = sourcecode.swift; path = RouteToSafetyZoneTests.swift; sourceTree = "<group>"; };
		C767E77F2C75F6840057B0F9 /* RouteToSafetyZoneUITests.xctest */ = {isa = PBXFileReference; explicitFileType = wrapper.cfbundle; includeInIndex = 0; path = RouteToSafetyZoneUITests.xctest; sourceTree = BUILT_PRODUCTS_DIR; };
		C767E7832C75F6840057B0F9 /* RouteToSafetyZoneUITests.swift */ = {isa = PBXFileReference; lastKnownFileType = sourcecode.swift; path = RouteToSafetyZoneUITests.swift; sourceTree = "<group>"; };
		C767E7852C75F6840057B0F9 /* RouteToSafetyZoneUITestsLaunchTests.swift */ = {isa = PBXFileReference; lastKnownFileType = sourcecode.swift; path = RouteToSafetyZoneUITestsLaunchTests.swift; sourceTree = "<group>"; };
/* End PBXFileReference section */

/* Begin PBXFrameworksBuildPhase section */
		C767E7622C75F6820057B0F9 /* Frameworks */ = {
			isa = PBXFrameworksBuildPhase;
			buildActionMask = 2147483647;
			files = (
			);
			runOnlyForDeploymentPostprocessing = 0;
		};
		C767E7722C75F6840057B0F9 /* Frameworks */ = {
			isa = PBXFrameworksBuildPhase;
			buildActionMask = 2147483647;
			files = (
			);
			runOnlyForDeploymentPostprocessing = 0;
		};
		C767E77C2C75F6840057B0F9 /* Frameworks */ = {
			isa = PBXFrameworksBuildPhase;
			buildActionMask = 2147483647;
			files = (
			);
			runOnlyForDeploymentPostprocessing = 0;
		};
/* End PBXFrameworksBuildPhase section */

/* Begin PBXGroup section */
		C767E75C2C75F6820057B0F9 = {
			isa = PBXGroup;
			children = (
				C767E7672C75F6820057B0F9 /* RouteToSafetyZone */,
				C767E7782C75F6840057B0F9 /* RouteToSafetyZoneTests */,
				C767E7822C75F6840057B0F9 /* RouteToSafetyZoneUITests */,
				C767E7662C75F6820057B0F9 /* Products */,
			);
			sourceTree = "<group>";
		};
		C767E7662C75F6820057B0F9 /* Products */ = {
			isa = PBXGroup;
			children = (
				C767E7652C75F6820057B0F9 /* RouteToSafetyZone.app */,
				C767E7752C75F6840057B0F9 /* RouteToSafetyZoneTests.xctest */,
				C767E77F2C75F6840057B0F9 /* RouteToSafetyZoneUITests.xctest */,
			);
			name = Products;
			sourceTree = "<group>";
		};
		C767E7672C75F6820057B0F9 /* RouteToSafetyZone */ = {
			isa = PBXGroup;
			children = (
				C767E7682C75F6820057B0F9 /* RouteToSafetyZoneApp.swift */,
				C767E76A2C75F6820057B0F9 /* ContentView.swift */,
				C767E76C2C75F6840057B0F9 /* Assets.xcassets */,
				C767E76E2C75F6840057B0F9 /* Preview Content */,
			);
			path = RouteToSafetyZone;
			sourceTree = "<group>";
		};
		C767E76E2C75F6840057B0F9 /* Preview Content */ = {
			isa = PBXGroup;
			children = (
				C767E76F2C75F6840057B0F9 /* Preview Assets.xcassets */,
			);
			path = "Preview Content";
			sourceTree = "<group>";
		};
		C767E7782C75F6840057B0F9 /* RouteToSafetyZoneTests */ = {
			isa = PBXGroup;
			children = (
				C767E7792C75F6840057B0F9 /* RouteToSafetyZoneTests.swift */,
			);
			path = RouteToSafetyZoneTests;
			sourceTree = "<group>";
		};
		C767E7822C75F6840057B0F9 /* RouteToSafetyZoneUITests */ = {
			isa = PBXGroup;
			children = (
				C767E7832C75F6840057B0F9 /* RouteToSafetyZoneUITests.swift */,
				C767E7852C75F6840057B0F9 /* RouteToSafetyZoneUITestsLaunchTests.swift */,
			);
			path = RouteToSafetyZoneUITests;
			sourceTree = "<group>";
		};
/* End PBXGroup section */

/* Begin PBXNativeTarget section */
		C767E7642C75F6820057B0F9 /* RouteToSafetyZone */ = {
			isa = PBXNativeTarget;
			buildConfigurationList = C767E7892C75F6840057B0F9 /* Build configuration list for PBXNativeTarget "RouteToSafetyZone" */;
			buildPhases = (
				C767E7612C75F6820057B0F9 /* Sources */,
				C767E7622C75F6820057B0F9 /* Frameworks */,
				C767E7632C75F6820057B0F9 /* Resources */,
			);
			buildRules = (
			);
			dependencies = (
			);
			name = RouteToSafetyZone;
			productName = RouteToSafetyZone;
			productReference = C767E7652C75F6820057B0F9 /* RouteToSafetyZone.app */;
			productType = "com.apple.product-type.application";
		};
		C767E7742C75F6840057B0F9 /* RouteToSafetyZoneTests */ = {
			isa = PBXNativeTarget;
			buildConfigurationList = C767E78C2C75F6840057B0F9 /* Build configuration list for PBXNativeTarget "RouteToSafetyZoneTests" */;
			buildPhases = (
				C767E7712C75F6840057B0F9 /* Sources */,
				C767E7722C75F6840057B0F9 /* Frameworks */,
				C767E7732C75F6840057B0F9 /* Resources */,
			);
			buildRules = (
			);
			dependencies = (
				C767E7772C75F6840057B0F9 /* PBXTargetDependency */,
			);
			name = RouteToSafetyZoneTests;
			productName = RouteToSafetyZoneTests;
			productReference = C767E7752C75F6840057B0F9 /* RouteToSafetyZoneTests.xctest */;
			productType = "com.apple.product-type.bundle.unit-test";
		};
		C767E77E2C75F6840057B0F9 /* RouteToSafetyZoneUITests */ = {
			isa = PBXNativeTarget;
			buildConfigurationList = C767E78F2C75F6840057B0F9 /* Build configuration list for PBXNativeTarget "RouteToSafetyZoneUITests" */;
			buildPhases = (
				C767E77B2C75F6840057B0F9 /* Sources */,
				C767E77C2C75F6840057B0F9 /* Frameworks */,
				C767E77D2C75F6840057B0F9 /* Resources */,
			);
			buildRules = (
			);
			dependencies = (
				C767E7812C75F6840057B0F9 /* PBXTargetDependency */,
			);
			name = RouteToSafetyZoneUITests;
			productName = RouteToSafetyZoneUITests;
			productReference = C767E77F2C75F6840057B0F9 /* RouteToSafetyZoneUITests.xctest */;
			productType = "com.apple.product-type.bundle.ui-testing";
		};
/* End PBXNativeTarget section */

/* Begin PBXProject section */
		C767E75D2C75F6820057B0F9 /* Project object */ = {
			isa = PBXProject;
			attributes = {
				BuildIndependentTargetsInParallel = 1;
				LastSwiftUpdateCheck = 1540;
				LastUpgradeCheck = 1540;
				TargetAttributes = {
					C767E7642C75F6820057B0F9 = {
						CreatedOnToolsVersion = 15.4;
					};
					C767E7742C75F6840057B0F9 = {
						CreatedOnToolsVersion = 15.4;
						TestTargetID = C767E7642C75F6820057B0F9;
					};
					C767E77E2C75F6840057B0F9 = {
						CreatedOnToolsVersion = 15.4;
						TestTargetID = C767E7642C75F6820057B0F9;
					};
				};
			};
			buildConfigurationList = C767E7602C75F6820057B0F9 /* Build configuration list for PBXProject "RouteToSafetyZone" */;
			compatibilityVersion = "Xcode 14.0";
			developmentRegion = en;
			hasScannedForEncodings = 0;
			knownRegions = (
				en,
				Base,
			);
			mainGroup = C767E75C2C75F6820057B0F9;
			productRefGroup = C767E7662C75F6820057B0F9 /* Products */;
			projectDirPath = "";
			projectRoot = "";
			targets = (
				C767E7642C75F6820057B0F9 /* RouteToSafetyZone */,
				C767E7742C75F6840057B0F9 /* RouteToSafetyZoneTests */,
				C767E77E2C75F6840057B0F9 /* RouteToSafetyZoneUITests */,
			);
		};
/* End PBXProject section */

/* Begin PBXResourcesBuildPhase section */
		C767E7632C75F6820057B0F9 /* Resources */ = {
			isa = PBXResourcesBuildPhase;
			buildActionMask = 2147483647;
			files = (
				C767E7702C75F6840057B0F9 /* Preview Assets.xcassets in Resources */,
				C767E76D2C75F6840057B0F9 /* Assets.xcassets in Resources */,
			);
			runOnlyForDeploymentPostprocessing = 0;
		};
		C767E7732C75F6840057B0F9 /* Resources */ = {
			isa = PBXResourcesBuildPhase;
			buildActionMask = 2147483647;
			files = (
			);
			runOnlyForDeploymentPostprocessing = 0;
		};
		C767E77D2C75F6840057B0F9 /* Resources */ = {
			isa = PBXResourcesBuildPhase;
			buildActionMask = 2147483647;
			files = (
			);
			runOnlyForDeploymentPostprocessing = 0;
		};
/* End PBXResourcesBuildPhase section */

/* Begin PBXSourcesBuildPhase section */
		C767E7612C75F6820057B0F9 /* Sources */ = {
			isa = PBXSourcesBuildPhase;
			buildActionMask = 2147483647;
			files = (
				C767E76B2C75F6820057B0F9 /* ContentView.swift in Sources */,
				C767E7692C75F6820057B0F9 /* RouteToSafetyZoneApp.swift in Sources */,
			);
			runOnlyForDeploymentPostprocessing = 0;
		};
		C767E7712C75F6840057B0F9 /* Sources */ = {
			isa = PBXSourcesBuildPhase;
			buildActionMask = 2147483647;
			files = (
				C767E77A2C75F6840057B0F9 /* RouteToSafetyZoneTests.swift in Sources */,
			);
			runOnlyForDeploymentPostprocessing = 0;
		};
		C767E77B2C75F6840057B0F9 /* Sources */ = {
			isa = PBXSourcesBuildPhase;
			buildActionMask = 2147483647;
			files = (
				C767E7842C75F6840057B0F9 /* RouteToSafetyZoneUITests.swift in Sources */,
				C767E7862C75F6840057B0F9 /* RouteToSafetyZoneUITestsLaunchTests.swift in Sources */,
			);
			runOnlyForDeploymentPostprocessing = 0;
		};
/* End PBXSourcesBuildPhase section */

/* Begin PBXTargetDependency section */
		C767E7772C75F6840057B0F9 /* PBXTargetDependency */ = {
			isa = PBXTargetDependency;
			target = C767E7642C75F6820057B0F9 /* RouteToSafetyZone */;
			targetProxy = C767E7762C75F6840057B0F9 /* PBXContainerItemProxy */;
		};
		C767E7812C75F6840057B0F9 /* PBXTargetDependency */ = {
			isa = PBXTargetDependency;
			target = C767E7642C75F6820057B0F9 /* RouteToSafetyZone */;
			targetProxy = C767E7802C75F6840057B0F9 /* PBXContainerItemProxy */;
		};
/* End PBXTargetDependency section */

/* Begin XCBuildConfiguration section */
		C767E7872C75F6840057B0F9 /* Debug */ = {
			isa = XCBuildConfiguration;
			buildSettings = {
				ALWAYS_SEARCH_USER_PATHS = NO;
				ASSETCATALOG_COMPILER_GENERATE_SWIFT_ASSET_SYMBOL_EXTENSIONS = YES;
				CLANG_ANALYZER_NONNULL = YES;
				CLANG_ANALYZER_NUMBER_OBJECT_CONVERSION = YES_AGGRESSIVE;
				CLANG_CXX_LANGUAGE_STANDARD = "gnu++20";
				CLANG_ENABLE_MODULES = YES;
				CLANG_ENABLE_OBJC_ARC = YES;
				CLANG_ENABLE_OBJC_WEAK = YES;
				CLANG_WARN_BLOCK_CAPTURE_AUTORELEASING = YES;
				CLANG_WARN_BOOL_CONVERSION = YES;
				CLANG_WARN_COMMA = YES;
				CLANG_WARN_CONSTANT_CONVERSION = YES;
				CLANG_WARN_DEPRECATED_OBJC_IMPLEMENTATIONS = YES;
				CLANG_WARN_DIRECT_OBJC_ISA_USAGE = YES_ERROR;
				CLANG_WARN_DOCUMENTATION_COMMENTS = YES;
				CLANG_WARN_EMPTY_BODY = YES;
				CLANG_WARN_ENUM_CONVERSION = YES;
				CLANG_WARN_INFINITE_RECURSION = YES;
				CLANG_WARN_INT_CONVERSION = YES;
				CLANG_WARN_NON_LITERAL_NULL_CONVERSION = YES;
				CLANG_WARN_OBJC_IMPLICIT_RETAIN_SELF = YES;
				CLANG_WARN_OBJC_LITERAL_CONVERSION = YES;
				CLANG_WARN_OBJC_ROOT_CLASS = YES_ERROR;
				CLANG_WARN_QUOTED_INCLUDE_IN_FRAMEWORK_HEADER = YES;
				CLANG_WARN_RANGE_LOOP_ANALYSIS = YES;
				CLANG_WARN_STRICT_PROTOTYPES = YES;
				CLANG_WARN_SUSPICIOUS_MOVE = YES;
				CLANG_WARN_UNGUARDED_AVAILABILITY = YES_AGGRESSIVE;
				CLANG_WARN_UNREACHABLE_CODE = YES;
				CLANG_WARN__DUPLICATE_METHOD_MATCH = YES;
				COPY_PHASE_STRIP = NO;
				DEBUG_INFORMATION_FORMAT = dwarf;
				ENABLE_STRICT_OBJC_MSGSEND = YES;
				ENABLE_TESTABILITY = YES;
				ENABLE_USER_SCRIPT_SANDBOXING = YES;
				GCC_C_LANGUAGE_STANDARD = gnu17;
				GCC_DYNAMIC_NO_PIC = NO;
				GCC_NO_COMMON_BLOCKS = YES;
				GCC_OPTIMIZATION_LEVEL = 0;
				GCC_PREPROCESSOR_DEFINITIONS = (
					"DEBUG=1",
					"$(inherited)",
				);
				GCC_WARN_64_TO_32_BIT_CONVERSION = YES;
				GCC_WARN_ABOUT_RETURN_TYPE = YES_ERROR;
				GCC_WARN_UNDECLARED_SELECTOR = YES;
				GCC_WARN_UNINITIALIZED_AUTOS = YES_AGGRESSIVE;
				GCC_WARN_UNUSED_FUNCTION = YES;
				GCC_WARN_UNUSED_VARIABLE = YES;
				IPHONEOS_DEPLOYMENT_TARGET = 17.5;
				LOCALIZATION_PREFERS_STRING_CATALOGS = YES;
				MTL_ENABLE_DEBUG_INFO = INCLUDE_SOURCE;
				MTL_FAST_MATH = YES;
				ONLY_ACTIVE_ARCH = YES;
				SDKROOT = iphoneos;
				SWIFT_ACTIVE_COMPILATION_CONDITIONS = "DEBUG $(inherited)";
				SWIFT_OPTIMIZATION_LEVEL = "-Onone";
			};
			name = Debug;
		};
		C767E7882C75F6840057B0F9 /* Release */ = {
			isa = XCBuildConfiguration;
			buildSettings = {
				ALWAYS_SEARCH_USER_PATHS = NO;
				ASSETCATALOG_COMPILER_GENERATE_SWIFT_ASSET_SYMBOL_EXTENSIONS = YES;
				CLANG_ANALYZER_NONNULL = YES;
				CLANG_ANALYZER_NUMBER_OBJECT_CONVERSION = YES_AGGRESSIVE;
				CLANG_CXX_LANGUAGE_STANDARD = "gnu++20";
				CLANG_ENABLE_MODULES = YES;
				CLANG_ENABLE_OBJC_ARC = YES;
				CLANG_ENABLE_OBJC_WEAK = YES;
				CLANG_WARN_BLOCK_CAPTURE_AUTORELEASING = YES;
				CLANG_WARN_BOOL_CONVERSION = YES;
				CLANG_WARN_COMMA = YES;
				CLANG_WARN_CONSTANT_CONVERSION = YES;
				CLANG_WARN_DEPRECATED_OBJC_IMPLEMENTATIONS = YES;
				CLANG_WARN_DIRECT_OBJC_ISA_USAGE = YES_ERROR;
				CLANG_WARN_DOCUMENTATION_COMMENTS = YES;
				CLANG_WARN_EMPTY_BODY = YES;
				CLANG_WARN_ENUM_CONVERSION = YES;
				CLANG_WARN_INFINITE_RECURSION = YES;
				CLANG_WARN_INT_CONVERSION = YES;
				CLANG_WARN_NON_LITERAL_NULL_CONVERSION = YES;
				CLANG_WARN_OBJC_IMPLICIT_RETAIN_SELF = YES;
				CLANG_WARN_OBJC_LITERAL_CONVERSION = YES;
				CLANG_WARN_OBJC_ROOT_CLASS = YES_ERROR;
				CLANG_WARN_QUOTED_INCLUDE_IN_FRAMEWORK_HEADER = YES;
				CLANG_WARN_RANGE_LOOP_ANALYSIS = YES;
				CLANG_WARN_STRICT_PROTOTYPES = YES;
				CLANG_WARN_SUSPICIOUS_MOVE = YES;
				CLANG_WARN_UNGUARDED_AVAILABILITY = YES_AGGRESSIVE;
				CLANG_WARN_UNREACHABLE_CODE = YES;
				CLANG_WARN__DUPLICATE_METHOD_MATCH = YES;
				COPY_PHASE_STRIP = NO;
				DEBUG_INFORMATION_FORMAT = "dwarf-with-dsym";
				ENABLE_NS_ASSERTIONS = NO;
				ENABLE_STRICT_OBJC_MSGSEND = YES;
				ENABLE_USER_SCRIPT_SANDBOXING = YES;
				GCC_C_LANGUAGE_STANDARD = gnu17;
				GCC_NO_COMMON_BLOCKS = YES;
				GCC_WARN_64_TO_32_BIT_CONVERSION = YES;
				GCC_WARN_ABOUT_RETURN_TYPE = YES_ERROR;
				GCC_WARN_UNDECLARED_SELECTOR = YES;
				GCC_WARN_UNINITIALIZED_AUTOS = YES_AGGRESSIVE;
				GCC_WARN_UNUSED_FUNCTION = YES;
				GCC_WARN_UNUSED_VARIABLE = YES;
				IPHONEOS_DEPLOYMENT_TARGET = 17.5;
				LOCALIZATION_PREFERS_STRING_CATALOGS = YES;
				MTL_ENABLE_DEBUG_INFO = NO;
				MTL_FAST_MATH = YES;
				SDKROOT = iphoneos;
				SWIFT_COMPILATION_MODE = wholemodule;
				VALIDATE_PRODUCT = YES;
			};
			name = Release;
		};
		C767E78A2C75F6840057B0F9 /* Debug */ = {
			isa = XCBuildConfiguration;
			buildSettings = {
				ASSETCATALOG_COMPILER_APPICON_NAME = AppIcon;
				ASSETCATALOG_COMPILER_GLOBAL_ACCENT_COLOR_NAME = AccentColor;
				CODE_SIGN_STYLE = Automatic;
				CURRENT_PROJECT_VERSION = 1;
				DEVELOPMENT_ASSET_PATHS = "\"RouteToSafetyZone/Preview Content\"";
				DEVELOPMENT_TEAM = 4H5MS236CS;
				ENABLE_PREVIEWS = YES;
				GENERATE_INFOPLIST_FILE = YES;
				INFOPLIST_KEY_UIApplicationSceneManifest_Generation = YES;
				INFOPLIST_KEY_UIApplicationSupportsIndirectInputEvents = YES;
				INFOPLIST_KEY_UILaunchScreen_Generation = YES;
				INFOPLIST_KEY_UISupportedInterfaceOrientations_iPad = "UIInterfaceOrientationPortrait UIInterfaceOrientationPortraitUpsideDown UIInterfaceOrientationLandscapeLeft UIInterfaceOrientationLandscapeRight";
				INFOPLIST_KEY_UISupportedInterfaceOrientations_iPhone = "UIInterfaceOrientationPortrait UIInterfaceOrientationLandscapeLeft UIInterfaceOrientationLandscapeRight";
				LD_RUNPATH_SEARCH_PATHS = (
					"$(inherited)",
					"@executable_path/Frameworks",
				);
				MARKETING_VERSION = 1.0;
				PRODUCT_BUNDLE_IDENTIFIER = com.gmail.137.6300.bjs.RouteToSafetyZone;
				PRODUCT_NAME = "$(TARGET_NAME)";
				SWIFT_EMIT_LOC_STRINGS = YES;
				SWIFT_VERSION = 5.0;
				TARGETED_DEVICE_FAMILY = "1,2";
			};
			name = Debug;
		};
		C767E78B2C75F6840057B0F9 /* Release */ = {
			isa = XCBuildConfiguration;
			buildSettings = {
				ASSETCATALOG_COMPILER_APPICON_NAME = AppIcon;
				ASSETCATALOG_COMPILER_GLOBAL_ACCENT_COLOR_NAME = AccentColor;
				CODE_SIGN_STYLE = Automatic;
				CURRENT_PROJECT_VERSION = 1;
				DEVELOPMENT_ASSET_PATHS = "\"RouteToSafetyZone/Preview Content\"";
				DEVELOPMENT_TEAM = 4H5MS236CS;
				ENABLE_PREVIEWS = YES;
				GENERATE_INFOPLIST_FILE = YES;
				INFOPLIST_KEY_UIApplicationSceneManifest_Generation = YES;
				INFOPLIST_KEY_UIApplicationSupportsIndirectInputEvents = YES;
				INFOPLIST_KEY_UILaunchScreen_Generation = YES;
				INFOPLIST_KEY_UISupportedInterfaceOrientations_iPad = "UIInterfaceOrientationPortrait UIInterfaceOrientationPortraitUpsideDown UIInterfaceOrientationLandscapeLeft UIInterfaceOrientationLandscapeRight";
				INFOPLIST_KEY_UISupportedInterfaceOrientations_iPhone = "UIInterfaceOrientationPortrait UIInterfaceOrientationLandscapeLeft UIInterfaceOrientationLandscapeRight";
				LD_RUNPATH_SEARCH_PATHS = (
					"$(inherited)",
					"@executable_path/Frameworks",
				);
				MARKETING_VERSION = 1.0;
				PRODUCT_BUNDLE_IDENTIFIER = com.gmail.137.6300.bjs.RouteToSafetyZone;
				PRODUCT_NAME = "$(TARGET_NAME)";
				SWIFT_EMIT_LOC_STRINGS = YES;
				SWIFT_VERSION = 5.0;
				TARGETED_DEVICE_FAMILY = "1,2";
			};
			name = Release;
		};
		C767E78D2C75F6840057B0F9 /* Debug */ = {
			isa = XCBuildConfiguration;
			buildSettings = {
				ALWAYS_EMBED_SWIFT_STANDARD_LIBRARIES = YES;
				BUNDLE_LOADER = "$(TEST_HOST)";
				CODE_SIGN_STYLE = Automatic;
				CURRENT_PROJECT_VERSION = 1;
				DEVELOPMENT_TEAM = 4H5MS236CS;
				GENERATE_INFOPLIST_FILE = YES;
				IPHONEOS_DEPLOYMENT_TARGET = 17.5;
				MARKETING_VERSION = 1.0;
				PRODUCT_BUNDLE_IDENTIFIER = com.gmail.137.6300.bjs.RouteToSafetyZoneTests;
				PRODUCT_NAME = "$(TARGET_NAME)";
				SWIFT_EMIT_LOC_STRINGS = NO;
				SWIFT_VERSION = 5.0;
				TARGETED_DEVICE_FAMILY = "1,2";
				TEST_HOST = "$(BUILT_PRODUCTS_DIR)/RouteToSafetyZone.app/$(BUNDLE_EXECUTABLE_FOLDER_PATH)/RouteToSafetyZone";
			};
			name = Debug;
		};
		C767E78E2C75F6840057B0F9 /* Release */ = {
			isa = XCBuildConfiguration;
			buildSettings = {
				ALWAYS_EMBED_SWIFT_STANDARD_LIBRARIES = YES;
				BUNDLE_LOADER = "$(TEST_HOST)";
				CODE_SIGN_STYLE = Automatic;
				CURRENT_PROJECT_VERSION = 1;
				DEVELOPMENT_TEAM = 4H5MS236CS;
				GENERATE_INFOPLIST_FILE = YES;
				IPHONEOS_DEPLOYMENT_TARGET = 17.5;
				MARKETING_VERSION = 1.0;
				PRODUCT_BUNDLE_IDENTIFIER = com.gmail.137.6300.bjs.RouteToSafetyZoneTests;
				PRODUCT_NAME = "$(TARGET_NAME)";
				SWIFT_EMIT_LOC_STRINGS = NO;
				SWIFT_VERSION = 5.0;
				TARGETED_DEVICE_FAMILY = "1,2";
				TEST_HOST = "$(BUILT_PRODUCTS_DIR)/RouteToSafetyZone.app/$(BUNDLE_EXECUTABLE_FOLDER_PATH)/RouteToSafetyZone";
			};
			name = Release;
		};
		C767E7902C75F6840057B0F9 /* Debug */ = {
			isa = XCBuildConfiguration;
			buildSettings = {
				ALWAYS_EMBED_SWIFT_STANDARD_LIBRARIES = YES;
				CODE_SIGN_STYLE = Automatic;
				CURRENT_PROJECT_VERSION = 1;
				DEVELOPMENT_TEAM = 4H5MS236CS;
				GENERATE_INFOPLIST_FILE = YES;
				MARKETING_VERSION = 1.0;
				PRODUCT_BUNDLE_IDENTIFIER = com.gmail.137.6300.bjs.RouteToSafetyZoneUITests;
				PRODUCT_NAME = "$(TARGET_NAME)";
				SWIFT_EMIT_LOC_STRINGS = NO;
				SWIFT_VERSION = 5.0;
				TARGETED_DEVICE_FAMILY = "1,2";
				TEST_TARGET_NAME = RouteToSafetyZone;
			};
			name = Debug;
		};
		C767E7912C75F6840057B0F9 /* Release */ = {
			isa = XCBuildConfiguration;
			buildSettings = {
				ALWAYS_EMBED_SWIFT_STANDARD_LIBRARIES = YES;
				CODE_SIGN_STYLE = Automatic;
				CURRENT_PROJECT_VERSION = 1;
				DEVELOPMENT_TEAM = 4H5MS236CS;
				GENERATE_INFOPLIST_FILE = YES;
				MARKETING_VERSION = 1.0;
				PRODUCT_BUNDLE_IDENTIFIER = com.gmail.137.6300.bjs.RouteToSafetyZoneUITests;
				PRODUCT_NAME = "$(TARGET_NAME)";
				SWIFT_EMIT_LOC_STRINGS = NO;
				SWIFT_VERSION = 5.0;
				TARGETED_DEVICE_FAMILY = "1,2";
				TEST_TARGET_NAME = RouteToSafetyZone;
			};
			name = Release;
		};
/* End XCBuildConfiguration section */

/* Begin XCConfigurationList section */
		C767E7602C75F6820057B0F9 /* Build configuration list for PBXProject "RouteToSafetyZone" */ = {
			isa = XCConfigurationList;
			buildConfigurations = (
				C767E7872C75F6840057B0F9 /* Debug */,
				C767E7882C75F6840057B0F9 /* Release */,
			);
			defaultConfigurationIsVisible = 0;
			defaultConfigurationName = Release;
		};
		C767E7892C75F6840057B0F9 /* Build configuration list for PBXNativeTarget "RouteToSafetyZone" */ = {
			isa = XCConfigurationList;
			buildConfigurations = (
				C767E78A2C75F6840057B0F9 /* Debug */,
				C767E78B2C75F6840057B0F9 /* Release */,
			);
			defaultConfigurationIsVisible = 0;
			defaultConfigurationName = Release;
		};
		C767E78C2C75F6840057B0F9 /* Build configuration list for PBXNativeTarget "RouteToSafetyZoneTests" */ = {
			isa = XCConfigurationList;
			buildConfigurations = (
				C767E78D2C75F6840057B0F9 /* Debug */,
				C767E78E2C75F6840057B0F9 /* Release */,
			);
			defaultConfigurationIsVisible = 0;
			defaultConfigurationName = Release;
		};
		C767E78F2C75F6840057B0F9 /* Build configuration list for PBXNativeTarget "RouteToSafetyZoneUITests" */ = {
			isa = XCConfigurationList;
			buildConfigurations = (
				C767E7902C75F6840057B0F9 /* Debug */,
				C767E7912C75F6840057B0F9 /* Release */,
			);
			defaultConfigurationIsVisible = 0;
			defaultConfigurationName = Release;
		};
/* End XCConfigurationList section */
	};
	rootObject = C767E75D2C75F6820057B0F9 /* Project object */;
}
